{
  "name": "wiki",
  "version": "1.0.0",
  "lockfileVersion": 3,
  "requires": true,
  "packages": {
    "": {
      "name": "wiki",
      "version": "1.0.0",
      "license": "ISC",
      "dependencies": {
        "browsersync": "^0.0.1-security"
      }
    },
    "node_modules/browsersync": {
      "version": "0.0.1-security",
      "resolved": "https://registry.npmjs.org/browsersync/-/browsersync-0.0.1-security.tgz",
      "integrity": "sha512-wjzQ8ovoNf6afqXLqAbpfa81XkG0U46G1YMi6xa1mnQ844/zz7bp4qnuMO/cL0WIunsC7i8sh/7CpzADM5gCBg=="
    }
  }
}
